// !$*UTF8*$!
{
	archiveVersion = 1;
	classes = {
	};
	objectVersion = 56;
	objects = {

/* Begin PBXBuildFile section */
		5225C0BD2A91C90C0033BE8B /* coinRowView.swift in Sources */ = {isa = PBXBuildFile; fileRef = 5225C0BC2A91C90C0033BE8B /* coinRowView.swift */; };
		5225C0BF2A91C92D0033BE8B /* previewProvider.swift in Sources */ = {isa = PBXBuildFile; fileRef = 5225C0BE2A91C92C0033BE8B /* previewProvider.swift */; };
		5252AA782A98B1FA005B37F2 /* SettingsView.swift in Sources */ = {isa = PBXBuildFile; fileRef = 5252AA772A98B1FA005B37F2 /* SettingsView.swift */; };
		5252AA7B2A99C033005B37F2 /* splashScreen.swift in Sources */ = {isa = PBXBuildFile; fileRef = 5252AA7A2A99C033005B37F2 /* splashScreen.swift */; };
		5252AA7F2A99D107005B37F2 /* LaunchScreen.storyboard in Resources */ = {isa = PBXBuildFile; fileRef = 5252AA7E2A99D107005B37F2 /* LaunchScreen.storyboard */; };
		527170B72A946C65009E0EDE /* portfolioView.swift in Sources */ = {isa = PBXBuildFile; fileRef = 527170B62A946C65009E0EDE /* portfolioView.swift */; };
		527170B92A946EFF009E0EDE /* xMarkButton.swift in Sources */ = {isa = PBXBuildFile; fileRef = 527170B82A946EFF009E0EDE /* xMarkButton.swift */; };
		527170BB2A9484E0009E0EDE /* coinLogoView.swift in Sources */ = {isa = PBXBuildFile; fileRef = 527170BA2A9484DF009E0EDE /* coinLogoView.swift */; };
		52B5C44D2A94B27300A2B7BD /* Preview Assets.xcassets in Resources */ = {isa = PBXBuildFile; fileRef = 52EF63872A90C5BB0096A687 /* Preview Assets.xcassets */; };
		52B5C44E2A94B27700A2B7BD /* Assets.xcassets in Resources */ = {isa = PBXBuildFile; fileRef = 52EF63842A90C5BB0096A687 /* Assets.xcassets */; };
		52B5C4532A97144F00A2B7BD /* portfolioContainer.xcdatamodeld in Sources */ = {isa = PBXBuildFile; fileRef = 52B5C4512A97144F00A2B7BD /* portfolioContainer.xcdatamodeld */; };
		52B5C4552A97152D00A2B7BD /* PortfolioDataService.swift in Sources */ = {isa = PBXBuildFile; fileRef = 52B5C4542A97152D00A2B7BD /* PortfolioDataService.swift */; };
		52B5C4572A9730AE00A2B7BD /* hapticManager.swift in Sources */ = {isa = PBXBuildFile; fileRef = 52B5C4562A9730AE00A2B7BD /* hapticManager.swift */; };
		52B5C45C2A97423B00A2B7BD /* DetailsView.swift in Sources */ = {isa = PBXBuildFile; fileRef = 52B5C45B2A97423B00A2B7BD /* DetailsView.swift */; };
		52B5C45E2A9760D700A2B7BD /* ConDetailsModel.swift in Sources */ = {isa = PBXBuildFile; fileRef = 52B5C45D2A9760D700A2B7BD /* ConDetailsModel.swift */; };
		52B5C4602A97620C00A2B7BD /* DetaliViewModel.swift in Sources */ = {isa = PBXBuildFile; fileRef = 52B5C45F2A97620C00A2B7BD /* DetaliViewModel.swift */; };
		52B5C4622A9764CD00A2B7BD /* CoinDetailsDataService.swift in Sources */ = {isa = PBXBuildFile; fileRef = 52B5C4612A9764CD00A2B7BD /* CoinDetailsDataService.swift */; };
		52B5C4642A97856100A2B7BD /* charView.swift in Sources */ = {isa = PBXBuildFile; fileRef = 52B5C4632A97856100A2B7BD /* charView.swift */; };
		52B5C4662A978CD100A2B7BD /* Date.swift in Sources */ = {isa = PBXBuildFile; fileRef = 52B5C4652A978CD100A2B7BD /* Date.swift */; };
		52B5C4682A9852A700A2B7BD /* HTMLremover.swift in Sources */ = {isa = PBXBuildFile; fileRef = 52B5C4672A9852A700A2B7BD /* HTMLremover.swift */; };
		52C76ED52A91CDCC00388A48 /* Double.swift in Sources */ = {isa = PBXBuildFile; fileRef = 52C76ED42A91CDCC00388A48 /* Double.swift */; };
		52C76ED72A91DABF00388A48 /* homeViewModel.swift in Sources */ = {isa = PBXBuildFile; fileRef = 52C76ED62A91DABF00388A48 /* homeViewModel.swift */; };
		52C76EDA2A91E23000388A48 /* MTFEDataServices.swift in Sources */ = {isa = PBXBuildFile; fileRef = 52C76ED92A91E23000388A48 /* MTFEDataServices.swift */; };
		52C76EE32A92097E00388A48 /* networkingManger.swift in Sources */ = {isa = PBXBuildFile; fileRef = 52C76EE22A92097E00388A48 /* networkingManger.swift */; };
		52C76EE62A92139900388A48 /* coinImageView.swift in Sources */ = {isa = PBXBuildFile; fileRef = 52C76EE52A92139900388A48 /* coinImageView.swift */; };
		52C76EE82A9213C400388A48 /* coinImageViewModel.swift in Sources */ = {isa = PBXBuildFile; fileRef = 52C76EE72A9213C400388A48 /* coinImageViewModel.swift */; };
		52C76EEA2A92162F00388A48 /* coinImgeServices.swift in Sources */ = {isa = PBXBuildFile; fileRef = 52C76EE92A92162F00388A48 /* coinImgeServices.swift */; };
		52C76EEC2A93561600388A48 /* localFileManager.swift in Sources */ = {isa = PBXBuildFile; fileRef = 52C76EEB2A93561600388A48 /* localFileManager.swift */; };
		52C76EEE2A93628100388A48 /* searchBarView.swift in Sources */ = {isa = PBXBuildFile; fileRef = 52C76EED2A93628100388A48 /* searchBarView.swift */; };
		52C76EF02A93677700388A48 /* uiApplication.swift in Sources */ = {isa = PBXBuildFile; fileRef = 52C76EEF2A93677700388A48 /* uiApplication.swift */; };
		52C76EF22A9372E700388A48 /* statisticModel.swift in Sources */ = {isa = PBXBuildFile; fileRef = 52C76EF12A9372E700388A48 /* statisticModel.swift */; };
		52C76EF42A93741F00388A48 /* statisticView.swift in Sources */ = {isa = PBXBuildFile; fileRef = 52C76EF32A93741F00388A48 /* statisticView.swift */; };
		52C76EF62A9377CA00388A48 /* homeStatView.swift in Sources */ = {isa = PBXBuildFile; fileRef = 52C76EF52A9377CA00388A48 /* homeStatView.swift */; };
		52C76EF82A9381A800388A48 /* marketData.swift in Sources */ = {isa = PBXBuildFile; fileRef = 52C76EF72A9381A800388A48 /* marketData.swift */; };
		52C76EFA2A93845700388A48 /* marketDataService.swift in Sources */ = {isa = PBXBuildFile; fileRef = 52C76EF92A93845700388A48 /* marketDataService.swift */; };
		52EF63812A90C5BA0096A687 /* MTFE_V2App.swift in Sources */ = {isa = PBXBuildFile; fileRef = 52EF63802A90C5BA0096A687 /* MTFE_V2App.swift */; };
		52EF63902A90C75E0096A687 /* colorExtension.swift in Sources */ = {isa = PBXBuildFile; fileRef = 52EF638F2A90C75E0096A687 /* colorExtension.swift */; };
		52EF63992A90CD460096A687 /* homeView.swift in Sources */ = {isa = PBXBuildFile; fileRef = 52EF63982A90CD460096A687 /* homeView.swift */; };
		52EF639C2A90CE660096A687 /* circleButtonView.swift in Sources */ = {isa = PBXBuildFile; fileRef = 52EF639B2A90CE660096A687 /* circleButtonView.swift */; };
		52EF639F2A90D3080096A687 /* circleButtonAnimationView.swift in Sources */ = {isa = PBXBuildFile; fileRef = 52EF639E2A90D3080096A687 /* circleButtonAnimationView.swift */; };
		52EF63A22A90D71C0096A687 /* coin.swift in Sources */ = {isa = PBXBuildFile; fileRef = 52EF63A12A90D71C0096A687 /* coin.swift */; };
/* End PBXBuildFile section */

/* Begin PBXFileReference section */
		5225C0BC2A91C90C0033BE8B /* coinRowView.swift */ = {isa = PBXFileReference; lastKnownFileType = sourcecode.swift; path = coinRowView.swift; sourceTree = "<group>"; };
		5225C0BE2A91C92C0033BE8B /* previewProvider.swift */ = {isa = PBXFileReference; lastKnownFileType = sourcecode.swift; path = previewProvider.swift; sourceTree = "<group>"; };
		5252AA772A98B1FA005B37F2 /* SettingsView.swift */ = {isa = PBXFileReference; lastKnownFileType = sourcecode.swift; path = SettingsView.swift; sourceTree = "<group>"; };
		5252AA7A2A99C033005B37F2 /* splashScreen.swift */ = {isa = PBXFileReference; lastKnownFileType = sourcecode.swift; path = splashScreen.swift; sourceTree = "<group>"; };
		5252AA7E2A99D107005B37F2 /* LaunchScreen.storyboard */ = {isa = PBXFileReference; lastKnownFileType = file.storyboard; path = LaunchScreen.storyboard; sourceTree = "<group>"; };
		527170B62A946C65009E0EDE /* portfolioView.swift */ = {isa = PBXFileReference; lastKnownFileType = sourcecode.swift; path = portfolioView.swift; sourceTree = "<group>"; };
		527170B82A946EFF009E0EDE /* xMarkButton.swift */ = {isa = PBXFileReference; lastKnownFileType = sourcecode.swift; path = xMarkButton.swift; sourceTree = "<group>"; };
		527170BA2A9484DF009E0EDE /* coinLogoView.swift */ = {isa = PBXFileReference; lastKnownFileType = sourcecode.swift; path = coinLogoView.swift; sourceTree = "<group>"; };
		52B5C4522A97144F00A2B7BD /* portfolioContainer.xcdatamodel */ = {isa = PBXFileReference; lastKnownFileType = wrapper.xcdatamodel; path = portfolioContainer.xcdatamodel; sourceTree = "<group>"; };
		52B5C4542A97152D00A2B7BD /* PortfolioDataService.swift */ = {isa = PBXFileReference; lastKnownFileType = sourcecode.swift; path = PortfolioDataService.swift; sourceTree = "<group>"; };
		52B5C4562A9730AE00A2B7BD /* hapticManager.swift */ = {isa = PBXFileReference; lastKnownFileType = sourcecode.swift; path = hapticManager.swift; sourceTree = "<group>"; };
		52B5C45B2A97423B00A2B7BD /* DetailsView.swift */ = {isa = PBXFileReference; lastKnownFileType = sourcecode.swift; path = DetailsView.swift; sourceTree = "<group>"; };
		52B5C45D2A9760D700A2B7BD /* ConDetailsModel.swift */ = {isa = PBXFileReference; lastKnownFileType = sourcecode.swift; path = ConDetailsModel.swift; sourceTree = "<group>"; };
		52B5C45F2A97620C00A2B7BD /* DetaliViewModel.swift */ = {isa = PBXFileReference; lastKnownFileType = sourcecode.swift; path = DetaliViewModel.swift; sourceTree = "<group>"; };
		52B5C4612A9764CD00A2B7BD /* CoinDetailsDataService.swift */ = {isa = PBXFileReference; lastKnownFileType = sourcecode.swift; path = CoinDetailsDataService.swift; sourceTree = "<group>"; };
		52B5C4632A97856100A2B7BD /* charView.swift */ = {isa = PBXFileReference; lastKnownFileType = sourcecode.swift; path = charView.swift; sourceTree = "<group>"; };
		52B5C4652A978CD100A2B7BD /* Date.swift */ = {isa = PBXFileReference; lastKnownFileType = sourcecode.swift; path = Date.swift; sourceTree = "<group>"; };
		52B5C4672A9852A700A2B7BD /* HTMLremover.swift */ = {isa = PBXFileReference; lastKnownFileType = sourcecode.swift; path = HTMLremover.swift; sourceTree = "<group>"; };
		52C76ED42A91CDCC00388A48 /* Double.swift */ = {isa = PBXFileReference; lastKnownFileType = sourcecode.swift; path = Double.swift; sourceTree = "<group>"; };
		52C76ED62A91DABF00388A48 /* homeViewModel.swift */ = {isa = PBXFileReference; lastKnownFileType = sourcecode.swift; name = homeViewModel.swift; path = "MTFE-V2/Extension/homeViewModel.swift"; sourceTree = SOURCE_ROOT; };
		52C76ED92A91E23000388A48 /* MTFEDataServices.swift */ = {isa = PBXFileReference; lastKnownFileType = sourcecode.swift; path = MTFEDataServices.swift; sourceTree = "<group>"; };
		52C76EE22A92097E00388A48 /* networkingManger.swift */ = {isa = PBXFileReference; lastKnownFileType = sourcecode.swift; path = networkingManger.swift; sourceTree = "<group>"; };
		52C76EE52A92139900388A48 /* coinImageView.swift */ = {isa = PBXFileReference; lastKnownFileType = sourcecode.swift; path = coinImageView.swift; sourceTree = "<group>"; };
		52C76EE72A9213C400388A48 /* coinImageViewModel.swift */ = {isa = PBXFileReference; lastKnownFileType = sourcecode.swift; path = coinImageViewModel.swift; sourceTree = "<group>"; };
		52C76EE92A92162F00388A48 /* coinImgeServices.swift */ = {isa = PBXFileReference; lastKnownFileType = sourcecode.swift; path = coinImgeServices.swift; sourceTree = "<group>"; };
		52C76EEB2A93561600388A48 /* localFileManager.swift */ = {isa = PBXFileReference; lastKnownFileType = sourcecode.swift; path = localFileManager.swift; sourceTree = "<group>"; };
		52C76EED2A93628100388A48 /* searchBarView.swift */ = {isa = PBXFileReference; lastKnownFileType = sourcecode.swift; path = searchBarView.swift; sourceTree = "<group>"; };
		52C76EEF2A93677700388A48 /* uiApplication.swift */ = {isa = PBXFileReference; lastKnownFileType = sourcecode.swift; path = uiApplication.swift; sourceTree = "<group>"; };
		52C76EF12A9372E700388A48 /* statisticModel.swift */ = {isa = PBXFileReference; lastKnownFileType = sourcecode.swift; path = statisticModel.swift; sourceTree = "<group>"; };
		52C76EF32A93741F00388A48 /* statisticView.swift */ = {isa = PBXFileReference; lastKnownFileType = sourcecode.swift; path = statisticView.swift; sourceTree = "<group>"; };
		52C76EF52A9377CA00388A48 /* homeStatView.swift */ = {isa = PBXFileReference; lastKnownFileType = sourcecode.swift; path = homeStatView.swift; sourceTree = "<group>"; };
		52C76EF72A9381A800388A48 /* marketData.swift */ = {isa = PBXFileReference; lastKnownFileType = sourcecode.swift; path = marketData.swift; sourceTree = "<group>"; };
		52C76EF92A93845700388A48 /* marketDataService.swift */ = {isa = PBXFileReference; lastKnownFileType = sourcecode.swift; path = marketDataService.swift; sourceTree = "<group>"; };
		52EF637D2A90C5BA0096A687 /* MTFE-V2.app */ = {isa = PBXFileReference; explicitFileType = wrapper.application; includeInIndex = 0; path = "MTFE-V2.app"; sourceTree = BUILT_PRODUCTS_DIR; };
		52EF63802A90C5BA0096A687 /* MTFE_V2App.swift */ = {isa = PBXFileReference; lastKnownFileType = sourcecode.swift; path = MTFE_V2App.swift; sourceTree = "<group>"; };
		52EF63842A90C5BB0096A687 /* Assets.xcassets */ = {isa = PBXFileReference; lastKnownFileType = folder.assetcatalog; path = Assets.xcassets; sourceTree = "<group>"; };
		52EF63872A90C5BB0096A687 /* Preview Assets.xcassets */ = {isa = PBXFileReference; lastKnownFileType = folder.assetcatalog; path = "Preview Assets.xcassets"; sourceTree = "<group>"; };
		52EF638F2A90C75E0096A687 /* colorExtension.swift */ = {isa = PBXFileReference; lastKnownFileType = sourcecode.swift; path = colorExtension.swift; sourceTree = "<group>"; };
		52EF63982A90CD460096A687 /* homeView.swift */ = {isa = PBXFileReference; lastKnownFileType = sourcecode.swift; path = homeView.swift; sourceTree = "<group>"; };
		52EF639B2A90CE660096A687 /* circleButtonView.swift */ = {isa = PBXFileReference; lastKnownFileType = sourcecode.swift; path = circleButtonView.swift; sourceTree = "<group>"; };
		52EF639E2A90D3080096A687 /* circleButtonAnimationView.swift */ = {isa = PBXFileReference; lastKnownFileType = sourcecode.swift; path = circleButtonAnimationView.swift; sourceTree = "<group>"; };
		52EF63A12A90D71C0096A687 /* coin.swift */ = {isa = PBXFileReference; lastKnownFileType = sourcecode.swift; path = coin.swift; sourceTree = "<group>"; };
/* End PBXFileReference section */

/* Begin PBXFrameworksBuildPhase section */
		52EF637A2A90C5BA0096A687 /* Frameworks */ = {
			isa = PBXFrameworksBuildPhase;
			buildActionMask = 2147483647;
			files = (
			);
			runOnlyForDeploymentPostprocessing = 0;
		};
/* End PBXFrameworksBuildPhase section */

/* Begin PBXGroup section */
		5252AA752A98B1D0005B37F2 /* Settings */ = {
			isa = PBXGroup;
			children = (
				5252AA762A98B1E5005B37F2 /* Views */,
			);
			path = Settings;
			sourceTree = "<group>";
		};
		5252AA762A98B1E5005B37F2 /* Views */ = {
			isa = PBXGroup;
			children = (
				5252AA772A98B1FA005B37F2 /* SettingsView.swift */,
			);
			path = Views;
			sourceTree = "<group>";
		};
		5252AA792A99C00B005B37F2 /* splashScreen */ = {
			isa = PBXGroup;
			children = (
				5252AA7A2A99C033005B37F2 /* splashScreen.swift */,
				5252AA7E2A99D107005B37F2 /* LaunchScreen.storyboard */,
			);
			path = splashScreen;
			sourceTree = "<group>";
		};
		52B5C4582A97419D00A2B7BD /* Detail */ = {
			isa = PBXGroup;
			children = (
				52B5C45A2A97420800A2B7BD /* ViewModel */,
				52B5C4592A97420000A2B7BD /* View */,
			);
			path = Detail;
			sourceTree = "<group>";
		};
		52B5C4592A97420000A2B7BD /* View */ = {
			isa = PBXGroup;
			children = (
				52B5C45B2A97423B00A2B7BD /* DetailsView.swift */,
				52B5C4632A97856100A2B7BD /* charView.swift */,
			);
			path = View;
			sourceTree = "<group>";
		};
		52B5C45A2A97420800A2B7BD /* ViewModel */ = {
			isa = PBXGroup;
			children = (
				52B5C45F2A97620C00A2B7BD /* DetaliViewModel.swift */,
			);
			path = ViewModel;
			sourceTree = "<group>";
		};
		52C76ED82A91E20E00388A48 /* Services */ = {
			isa = PBXGroup;
			children = (
				52C76ED92A91E23000388A48 /* MTFEDataServices.swift */,
				52C76EE92A92162F00388A48 /* coinImgeServices.swift */,
				52C76EF92A93845700388A48 /* marketDataService.swift */,
				52B5C4542A97152D00A2B7BD /* PortfolioDataService.swift */,
				52B5C4612A9764CD00A2B7BD /* CoinDetailsDataService.swift */,
			);
			path = Services;
			sourceTree = "<group>";
		};
		52C76EE12A92093200388A48 /* Utilities */ = {
			isa = PBXGroup;
			children = (
				52C76EE22A92097E00388A48 /* networkingManger.swift */,
				52C76EEB2A93561600388A48 /* localFileManager.swift */,
				52B5C4562A9730AE00A2B7BD /* hapticManager.swift */,
			);
			path = Utilities;
			sourceTree = "<group>";
		};
		52C76EE42A92137F00388A48 /* Imges */ = {
			isa = PBXGroup;
			children = (
				52C76EE52A92139900388A48 /* coinImageView.swift */,
				52C76EE72A9213C400388A48 /* coinImageViewModel.swift */,
				527170BA2A9484DF009E0EDE /* coinLogoView.swift */,
			);
			path = Imges;
			sourceTree = "<group>";
		};
		52EF63742A90C5B90096A687 = {
			isa = PBXGroup;
			children = (
				52EF637F2A90C5BA0096A687 /* MTFE-V2 */,
				52EF637E2A90C5BA0096A687 /* Products */,
			);
			sourceTree = "<group>";
		};
		52EF637E2A90C5BA0096A687 /* Products */ = {
			isa = PBXGroup;
			children = (
				52EF637D2A90C5BA0096A687 /* MTFE-V2.app */,
			);
			name = Products;
			sourceTree = "<group>";
		};
		52EF637F2A90C5BA0096A687 /* MTFE-V2 */ = {
			isa = PBXGroup;
			children = (
				52C76EE12A92093200388A48 /* Utilities */,
				52C76ED82A91E20E00388A48 /* Services */,
				52EF63A02A90D7040096A687 /* Model */,
				52EF63922A90CCA40096A687 /* Core */,
				52EF638E2A90C7360096A687 /* Extension */,
				52EF63802A90C5BA0096A687 /* MTFE_V2App.swift */,
				52EF63842A90C5BB0096A687 /* Assets.xcassets */,
				52EF63862A90C5BB0096A687 /* Preview Content */,
			);
			path = "MTFE-V2";
			sourceTree = "<group>";
		};
		52EF63862A90C5BB0096A687 /* Preview Content */ = {
			isa = PBXGroup;
			children = (
				52EF63872A90C5BB0096A687 /* Preview Assets.xcassets */,
			);
			path = "Preview Content";
			sourceTree = "<group>";
		};
		52EF638E2A90C7360096A687 /* Extension */ = {
			isa = PBXGroup;
			children = (
				52EF638F2A90C75E0096A687 /* colorExtension.swift */,
				5225C0BE2A91C92C0033BE8B /* previewProvider.swift */,
				52C76ED42A91CDCC00388A48 /* Double.swift */,
				52C76EEF2A93677700388A48 /* uiApplication.swift */,
				52B5C4652A978CD100A2B7BD /* Date.swift */,
				52B5C4672A9852A700A2B7BD /* HTMLremover.swift */,
			);
			path = Extension;
			sourceTree = "<group>";
		};
		52EF63922A90CCA40096A687 /* Core */ = {
			isa = PBXGroup;
			children = (
				5252AA792A99C00B005B37F2 /* splashScreen */,
				5252AA752A98B1D0005B37F2 /* Settings */,
				52EF639A2A90CE3D0096A687 /* Components */,
				52EF63932A90CCB50096A687 /* Home */,
				52B5C4582A97419D00A2B7BD /* Detail */,
			);
			path = Core;
			sourceTree = "<group>";
		};
		52EF63932A90CCB50096A687 /* Home */ = {
			isa = PBXGroup;
			children = (
				52EF63952A90CCF10096A687 /* ViewModel */,
				52EF63942A90CCCF0096A687 /* Views */,
			);
			path = Home;
			sourceTree = "<group>";
		};
		52EF63942A90CCCF0096A687 /* Views */ = {
			isa = PBXGroup;
			children = (
				52EF63982A90CD460096A687 /* homeView.swift */,
				5225C0BC2A91C90C0033BE8B /* coinRowView.swift */,
				52C76EF52A9377CA00388A48 /* homeStatView.swift */,
				527170B62A946C65009E0EDE /* portfolioView.swift */,
			);
			path = Views;
			sourceTree = "<group>";
		};
		52EF63952A90CCF10096A687 /* ViewModel */ = {
			isa = PBXGroup;
			children = (
				52C76ED62A91DABF00388A48 /* homeViewModel.swift */,
			);
			path = ViewModel;
			sourceTree = "<group>";
		};
		52EF639A2A90CE3D0096A687 /* Components */ = {
			isa = PBXGroup;
			children = (
				52C76EE42A92137F00388A48 /* Imges */,
				52EF639D2A90D2D90096A687 /* CircleButton */,
				52C76EED2A93628100388A48 /* searchBarView.swift */,
				52C76EF32A93741F00388A48 /* statisticView.swift */,
				527170B82A946EFF009E0EDE /* xMarkButton.swift */,
			);
			path = Components;
			sourceTree = "<group>";
		};
		52EF639D2A90D2D90096A687 /* CircleButton */ = {
			isa = PBXGroup;
			children = (
				52EF639B2A90CE660096A687 /* circleButtonView.swift */,
				52EF639E2A90D3080096A687 /* circleButtonAnimationView.swift */,
			);
			path = CircleButton;
			sourceTree = "<group>";
		};
		52EF63A02A90D7040096A687 /* Model */ = {
			isa = PBXGroup;
			children = (
				52EF63A12A90D71C0096A687 /* coin.swift */,
				52C76EF12A9372E700388A48 /* statisticModel.swift */,
				52C76EF72A9381A800388A48 /* marketData.swift */,
				52B5C4512A97144F00A2B7BD /* portfolioContainer.xcdatamodeld */,
				52B5C45D2A9760D700A2B7BD /* ConDetailsModel.swift */,
			);
			path = Model;
			sourceTree = "<group>";
		};
/* End PBXGroup section */

/* Begin PBXNativeTarget section */
		52EF637C2A90C5BA0096A687 /* MTFE-V2 */ = {
			isa = PBXNativeTarget;
			buildConfigurationList = 52EF638B2A90C5BB0096A687 /* Build configuration list for PBXNativeTarget "MTFE-V2" */;
			buildPhases = (
				52EF63792A90C5BA0096A687 /* Sources */,
				52EF637A2A90C5BA0096A687 /* Frameworks */,
				52EF637B2A90C5BA0096A687 /* Resources */,
			);
			buildRules = (
			);
			dependencies = (
			);
			name = "MTFE-V2";
			packageProductDependencies = (
			);
			productName = "MTFE-V2";
			productReference = 52EF637D2A90C5BA0096A687 /* MTFE-V2.app */;
			productType = "com.apple.product-type.application";
		};
/* End PBXNativeTarget section */

/* Begin PBXProject section */
		52EF63752A90C5B90096A687 /* Project object */ = {
			isa = PBXProject;
			attributes = {
				BuildIndependentTargetsInParallel = 1;
				LastSwiftUpdateCheck = 1430;
				LastUpgradeCheck = 1430;
				TargetAttributes = {
					52EF637C2A90C5BA0096A687 = {
						CreatedOnToolsVersion = 14.3.1;
					};
				};
			};
			buildConfigurationList = 52EF63782A90C5B90096A687 /* Build configuration list for PBXProject "MTFE-V2" */;
			compatibilityVersion = "Xcode 14.0";
			developmentRegion = en;
			hasScannedForEncodings = 0;
			knownRegions = (
				en,
				Base,
			);
			mainGroup = 52EF63742A90C5B90096A687;
			packageReferences = (
			);
			productRefGroup = 52EF637E2A90C5BA0096A687 /* Products */;
			projectDirPath = "";
			projectRoot = "";
			targets = (
				52EF637C2A90C5BA0096A687 /* MTFE-V2 */,
			);
		};
/* End PBXProject section */

/* Begin PBXResourcesBuildPhase section */
		52EF637B2A90C5BA0096A687 /* Resources */ = {
			isa = PBXResourcesBuildPhase;
			buildActionMask = 2147483647;
			files = (
				5252AA7F2A99D107005B37F2 /* LaunchScreen.storyboard in Resources */,
				52B5C44E2A94B27700A2B7BD /* Assets.xcassets in Resources */,
				52B5C44D2A94B27300A2B7BD /* Preview Assets.xcassets in Resources */,
			);
			runOnlyForDeploymentPostprocessing = 0;
		};
/* End PBXResourcesBuildPhase section */

/* Begin PBXSourcesBuildPhase section */
		52EF63792A90C5BA0096A687 /* Sources */ = {
			isa = PBXSourcesBuildPhase;
			buildActionMask = 2147483647;
			files = (
				52C76EE62A92139900388A48 /* coinImageView.swift in Sources */,
				52C76EF22A9372E700388A48 /* statisticModel.swift in Sources */,
				5225C0BD2A91C90C0033BE8B /* coinRowView.swift in Sources */,
				52C76EF82A9381A800388A48 /* marketData.swift in Sources */,
				52EF63A22A90D71C0096A687 /* coin.swift in Sources */,
				52B5C4682A9852A700A2B7BD /* HTMLremover.swift in Sources */,
				5252AA782A98B1FA005B37F2 /* SettingsView.swift in Sources */,
				52EF63902A90C75E0096A687 /* colorExtension.swift in Sources */,
				52C76EF02A93677700388A48 /* uiApplication.swift in Sources */,
				52C76ED72A91DABF00388A48 /* homeViewModel.swift in Sources */,
				52B5C45E2A9760D700A2B7BD /* ConDetailsModel.swift in Sources */,
				52C76EEE2A93628100388A48 /* searchBarView.swift in Sources */,
				52C76EE82A9213C400388A48 /* coinImageViewModel.swift in Sources */,
				52B5C4572A9730AE00A2B7BD /* hapticManager.swift in Sources */,
				52B5C45C2A97423B00A2B7BD /* DetailsView.swift in Sources */,
				52EF63992A90CD460096A687 /* homeView.swift in Sources */,
				52C76EEC2A93561600388A48 /* localFileManager.swift in Sources */,
				52B5C4602A97620C00A2B7BD /* DetaliViewModel.swift in Sources */,
				52B5C4662A978CD100A2B7BD /* Date.swift in Sources */,
				527170BB2A9484E0009E0EDE /* coinLogoView.swift in Sources */,
				52C76EDA2A91E23000388A48 /* MTFEDataServices.swift in Sources */,
				52B5C4642A97856100A2B7BD /* charView.swift in Sources */,
				52EF639C2A90CE660096A687 /* circleButtonView.swift in Sources */,
				52C76EF62A9377CA00388A48 /* homeStatView.swift in Sources */,
				52B5C4622A9764CD00A2B7BD /* CoinDetailsDataService.swift in Sources */,
				527170B72A946C65009E0EDE /* portfolioView.swift in Sources */,
				5225C0BF2A91C92D0033BE8B /* previewProvider.swift in Sources */,
				52B5C4552A97152D00A2B7BD /* PortfolioDataService.swift in Sources */,
				52EF63812A90C5BA0096A687 /* MTFE_V2App.swift in Sources */,
				52C76EEA2A92162F00388A48 /* coinImgeServices.swift in Sources */,
				52B5C4532A97144F00A2B7BD /* portfolioContainer.xcdatamodeld in Sources */,
				52C76ED52A91CDCC00388A48 /* Double.swift in Sources */,
				5252AA7B2A99C033005B37F2 /* splashScreen.swift in Sources */,
				527170B92A946EFF009E0EDE /* xMarkButton.swift in Sources */,
				52C76EF42A93741F00388A48 /* statisticView.swift in Sources */,
				52EF639F2A90D3080096A687 /* circleButtonAnimationView.swift in Sources */,
				52C76EE32A92097E00388A48 /* networkingManger.swift in Sources */,
				52C76EFA2A93845700388A48 /* marketDataService.swift in Sources */,
			);
			runOnlyForDeploymentPostprocessing = 0;
		};
/* End PBXSourcesBuildPhase section */

/* Begin XCBuildConfiguration section */
		52EF63892A90C5BB0096A687 /* Debug */ = {
			isa = XCBuildConfiguration;
			buildSettings = {
				ALWAYS_SEARCH_USER_PATHS = NO;
				CLANG_ANALYZER_NONNULL = YES;
				CLANG_ANALYZER_NUMBER_OBJECT_CONVERSION = YES_AGGRESSIVE;
				CLANG_CXX_LANGUAGE_STANDARD = "gnu++20";
				CLANG_ENABLE_MODULES = YES;
				CLANG_ENABLE_OBJC_ARC = YES;
				CLANG_ENABLE_OBJC_WEAK = YES;
				CLANG_WARN_BLOCK_CAPTURE_AUTORELEASING = YES;
				CLANG_WARN_BOOL_CONVERSION = YES;
				CLANG_WARN_COMMA = YES;
				CLANG_WARN_CONSTANT_CONVERSION = YES;
				CLANG_WARN_DEPRECATED_OBJC_IMPLEMENTATIONS = YES;
				CLANG_WARN_DIRECT_OBJC_ISA_USAGE = YES_ERROR;
				CLANG_WARN_DOCUMENTATION_COMMENTS = YES;
				CLANG_WARN_EMPTY_BODY = YES;
				CLANG_WARN_ENUM_CONVERSION = YES;
				CLANG_WARN_INFINITE_RECURSION = YES;
				CLANG_WARN_INT_CONVERSION = YES;
				CLANG_WARN_NON_LITERAL_NULL_CONVERSION = YES;
				CLANG_WARN_OBJC_IMPLICIT_RETAIN_SELF = YES;
				CLANG_WARN_OBJC_LITERAL_CONVERSION = YES;
				CLANG_WARN_OBJC_ROOT_CLASS = YES_ERROR;
				CLANG_WARN_QUOTED_INCLUDE_IN_FRAMEWORK_HEADER = YES;
				CLANG_WARN_RANGE_LOOP_ANALYSIS = YES;
				CLANG_WARN_STRICT_PROTOTYPES = YES;
				CLANG_WARN_SUSPICIOUS_MOVE = YES;
				CLANG_WARN_UNGUARDED_AVAILABILITY = YES_AGGRESSIVE;
				CLANG_WARN_UNREACHABLE_CODE = YES;
				CLANG_WARN__DUPLICATE_METHOD_MATCH = YES;
				COPY_PHASE_STRIP = NO;
				DEBUG_INFORMATION_FORMAT = dwarf;
				ENABLE_STRICT_OBJC_MSGSEND = YES;
				ENABLE_TESTABILITY = YES;
				GCC_C_LANGUAGE_STANDARD = gnu11;
				GCC_DYNAMIC_NO_PIC = NO;
				GCC_NO_COMMON_BLOCKS = YES;
				GCC_OPTIMIZATION_LEVEL = 0;
				GCC_PREPROCESSOR_DEFINITIONS = (
					"DEBUG=1",
					"$(inherited)",
				);
				GCC_WARN_64_TO_32_BIT_CONVERSION = YES;
				GCC_WARN_ABOUT_RETURN_TYPE = YES_ERROR;
				GCC_WARN_UNDECLARED_SELECTOR = YES;
				GCC_WARN_UNINITIALIZED_AUTOS = YES_AGGRESSIVE;
				GCC_WARN_UNUSED_FUNCTION = YES;
				GCC_WARN_UNUSED_VARIABLE = YES;
				IPHONEOS_DEPLOYMENT_TARGET = 15.0;
				MTL_ENABLE_DEBUG_INFO = INCLUDE_SOURCE;
				MTL_FAST_MATH = YES;
				ONLY_ACTIVE_ARCH = YES;
				SDKROOT = iphoneos;
				SWIFT_ACTIVE_COMPILATION_CONDITIONS = DEBUG;
				SWIFT_OPTIMIZATION_LEVEL = "-Onone";
			};
			name = Debug;
		};
		52EF638A2A90C5BB0096A687 /* Release */ = {
			isa = XCBuildConfiguration;
			buildSettings = {
				ALWAYS_SEARCH_USER_PATHS = NO;
				CLANG_ANALYZER_NONNULL = YES;
				CLANG_ANALYZER_NUMBER_OBJECT_CONVERSION = YES_AGGRESSIVE;
				CLANG_CXX_LANGUAGE_STANDARD = "gnu++20";
				CLANG_ENABLE_MODULES = YES;
				CLANG_ENABLE_OBJC_ARC = YES;
				CLANG_ENABLE_OBJC_WEAK = YES;
				CLANG_WARN_BLOCK_CAPTURE_AUTORELEASING = YES;
				CLANG_WARN_BOOL_CONVERSION = YES;
				CLANG_WARN_COMMA = YES;
				CLANG_WARN_CONSTANT_CONVERSION = YES;
				CLANG_WARN_DEPRECATED_OBJC_IMPLEMENTATIONS = YES;
				CLANG_WARN_DIRECT_OBJC_ISA_USAGE = YES_ERROR;
				CLANG_WARN_DOCUMENTATION_COMMENTS = YES;
				CLANG_WARN_EMPTY_BODY = YES;
				CLANG_WARN_ENUM_CONVERSION = YES;
				CLANG_WARN_INFINITE_RECURSION = YES;
				CLANG_WARN_INT_CONVERSION = YES;
				CLANG_WARN_NON_LITERAL_NULL_CONVERSION = YES;
				CLANG_WARN_OBJC_IMPLICIT_RETAIN_SELF = YES;
				CLANG_WARN_OBJC_LITERAL_CONVERSION = YES;
				CLANG_WARN_OBJC_ROOT_CLASS = YES_ERROR;
				CLANG_WARN_QUOTED_INCLUDE_IN_FRAMEWORK_HEADER = YES;
				CLANG_WARN_RANGE_LOOP_ANALYSIS = YES;
				CLANG_WARN_STRICT_PROTOTYPES = YES;
				CLANG_WARN_SUSPICIOUS_MOVE = YES;
				CLANG_WARN_UNGUARDED_AVAILABILITY = YES_AGGRESSIVE;
				CLANG_WARN_UNREACHABLE_CODE = YES;
				CLANG_WARN__DUPLICATE_METHOD_MATCH = YES;
				COPY_PHASE_STRIP = NO;
				DEBUG_INFORMATION_FORMAT = "dwarf-with-dsym";
				ENABLE_NS_ASSERTIONS = NO;
				ENABLE_STRICT_OBJC_MSGSEND = YES;
				GCC_C_LANGUAGE_STANDARD = gnu11;
				GCC_NO_COMMON_BLOCKS = YES;
				GCC_WARN_64_TO_32_BIT_CONVERSION = YES;
				GCC_WARN_ABOUT_RETURN_TYPE = YES_ERROR;
				GCC_WARN_UNDECLARED_SELECTOR = YES;
				GCC_WARN_UNINITIALIZED_AUTOS = YES_AGGRESSIVE;
				GCC_WARN_UNUSED_FUNCTION = YES;
				GCC_WARN_UNUSED_VARIABLE = YES;
				IPHONEOS_DEPLOYMENT_TARGET = 15.0;
				MTL_ENABLE_DEBUG_INFO = NO;
				MTL_FAST_MATH = YES;
				SDKROOT = iphoneos;
				SWIFT_COMPILATION_MODE = wholemodule;
				SWIFT_OPTIMIZATION_LEVEL = "-O";
				VALIDATE_PRODUCT = YES;
			};
			name = Release;
		};
		52EF638C2A90C5BB0096A687 /* Debug */ = {
			isa = XCBuildConfiguration;
			buildSettings = {
				ASSETCATALOG_COMPILER_APPICON_NAME = AppIcon;
				ASSETCATALOG_COMPILER_GLOBAL_ACCENT_COLOR_NAME = AccentColor;
				CODE_SIGN_STYLE = Automatic;
				CURRENT_PROJECT_VERSION = 1;
				DEVELOPMENT_ASSET_PATHS = "\"MTFE-V2/Preview Content\"";
				DEVELOPMENT_TEAM = T27Z45937J;
				ENABLE_PREVIEWS = YES;
				GENERATE_INFOPLIST_FILE = YES;
				INFOPLIST_KEY_CFBundleDisplayName = "MTFE-V2";
				INFOPLIST_KEY_LSApplicationCategoryType = "public.app-category.finance";
				INFOPLIST_KEY_UIApplicationSceneManifest_Generation = YES;
				INFOPLIST_KEY_UIApplicationSupportsIndirectInputEvents = YES;
				INFOPLIST_KEY_UILaunchScreen_Generation = YES;
				INFOPLIST_KEY_UILaunchStoryboardName = LaunchScreen.storyboard;
				INFOPLIST_KEY_UISupportedInterfaceOrientations = UIInterfaceOrientationPortrait;
				INFOPLIST_KEY_UISupportedInterfaceOrientations_iPad = "UIInterfaceOrientationLandscapeLeft UIInterfaceOrientationLandscapeRight UIInterfaceOrientationPortrait UIInterfaceOrientationPortraitUpsideDown";
				IPHONEOS_DEPLOYMENT_TARGET = 15.0;
				LD_RUNPATH_SEARCH_PATHS = (
					"$(inherited)",
					"@executable_path/Frameworks",
				);
				MARKETING_VERSION = 1.0;
				PRODUCT_BUNDLE_IDENTIFIER = "App.MTFE-V2";
				PRODUCT_NAME = "$(TARGET_NAME)";
				SWIFT_EMIT_LOC_STRINGS = YES;
				SWIFT_VERSION = 5.0;
				TARGETED_DEVICE_FAMILY = "1,2";
			};
			name = Debug;
		};
		52EF638D2A90C5BB0096A687 /* Release */ = {
			isa = XCBuildConfiguration;
			buildSettings = {
				ASSETCATALOG_COMPILER_APPICON_NAME = AppIcon;
				ASSETCATALOG_COMPILER_GLOBAL_ACCENT_COLOR_NAME = AccentColor;
				CODE_SIGN_STYLE = Automatic;
				CURRENT_PROJECT_VERSION = 1;
				DEVELOPMENT_ASSET_PATHS = "\"MTFE-V2/Preview Content\"";
				DEVELOPMENT_TEAM = T27Z45937J;
				ENABLE_PREVIEWS = YES;
				GENERATE_INFOPLIST_FILE = YES;
				INFOPLIST_KEY_CFBundleDisplayName = "MTFE-V2";
				INFOPLIST_KEY_LSApplicationCategoryType = "public.app-category.finance";
				INFOPLIST_KEY_UIApplicationSceneManifest_Generation = YES;
				INFOPLIST_KEY_UIApplicationSupportsIndirectInputEvents = YES;
				INFOPLIST_KEY_UILaunchScreen_Generation = YES;
				INFOPLIST_KEY_UILaunchStoryboardName = LaunchScreen.storyboard;
				INFOPLIST_KEY_UISupportedInterfaceOrientations = UIInterfaceOrientationPortrait;
				INFOPLIST_KEY_UISupportedInterfaceOrientations_iPad = "UIInterfaceOrientationLandscapeLeft UIInterfaceOrientationLandscapeRight UIInterfaceOrientationPortrait UIInterfaceOrientationPortraitUpsideDown";
				IPHONEOS_DEPLOYMENT_TARGET = 15.0;
				LD_RUNPATH_SEARCH_PATHS = (
					"$(inherited)",
					"@executable_path/Frameworks",
				);
				MARKETING_VERSION = 1.0;
				PRODUCT_BUNDLE_IDENTIFIER = "App.MTFE-V2";
				PRODUCT_NAME = "$(TARGET_NAME)";
				SWIFT_EMIT_LOC_STRINGS = YES;
				SWIFT_VERSION = 5.0;
				TARGETED_DEVICE_FAMILY = "1,2";
			};
			name = Release;
		};
/* End XCBuildConfiguration section */

/* Begin XCConfigurationList section */
		52EF63782A90C5B90096A687 /* Build configuration list for PBXProject "MTFE-V2" */ = {
			isa = XCConfigurationList;
			buildConfigurations = (
				52EF63892A90C5BB0096A687 /* Debug */,
				52EF638A2A90C5BB0096A687 /* Release */,
			);
			defaultConfigurationIsVisible = 0;
			defaultConfigurationName = Release;
		};
		52EF638B2A90C5BB0096A687 /* Build configuration list for PBXNativeTarget "MTFE-V2" */ = {
			isa = XCConfigurationList;
			buildConfigurations = (
				52EF638C2A90C5BB0096A687 /* Debug */,
				52EF638D2A90C5BB0096A687 /* Release */,
			);
			defaultConfigurationIsVisible = 0;
			defaultConfigurationName = Release;
		};
/* End XCConfigurationList section */

/* Begin XCVersionGroup section */
		52B5C4512A97144F00A2B7BD /* portfolioContainer.xcdatamodeld */ = {
			isa = XCVersionGroup;
			children = (
				52B5C4522A97144F00A2B7BD /* portfolioContainer.xcdatamodel */,
			);
			currentVersion = 52B5C4522A97144F00A2B7BD /* portfolioContainer.xcdatamodel */;
			path = portfolioContainer.xcdatamodeld;
			sourceTree = "<group>";
			versionGroupType = wrapper.xcdatamodel;
		};
/* End XCVersionGroup section */
	};
	rootObject = 52EF63752A90C5B90096A687 /* Project object */;
}
